# THIS IS AN AUTOGENERATED FILE. DO NOT EDIT THIS FILE DIRECTLY.
# yarn lockfile v1


nativescript-webworkers@^2.0.0:
  version "2.0.0"
  resolved "https://registry.yarnpkg.com/nativescript-webworkers/-/nativescript-webworkers-2.0.0.tgz#30e376ca1b612746f8e4d24e17c076815b1cd841"
  integrity sha512-BUYO1O65oTUbuGwhWPhkBqReHkwdWR7jas6ZF2uxnY465/C8huau5iC23m5oatg9E0dRt7FYJxHUuaMh7VumYg==
